
Microsoft Visual Studio Solution File, Format Version 12.00
# Visual Studio Version 17
VisualStudioVersion = 17.11.35312.102
MinimumVisualStudioVersion = 10.0.40219.1
Project("{FAE04EC0-301F-11D3-BF4B-00C04F79EFBC}") = "CulturalEventsApp", "CulturalEventsApp.csproj", "{BAE006EB-6A21-4B17-88B3-F3EC04CDD6A2}"
EndProject
Global
	GlobalSection(SolutionConfigurationPlatforms) = preSolution
		Debug|Any CPU = Debug|Any CPU
		Release|Any CPU = Release|Any CPU
	EndGlobalSection
	GlobalSection(ProjectConfigurationPlatforms) = postSolution
		{BAE006EB-6A21-4B17-88B3-F3EC04CDD6A2}.Debug|Any CPU.ActiveCfg = Debug|Any CPU
		{BAE006EB-6A21-4B17-88B3-F3EC04CDD6A2}.Debug|Any CPU.Build.0 = Debug|Any CPU
		{BAE006EB-6A21-4B17-88B3-F3EC04CDD6A2}.Debug|Any CPU.Deploy.0 = Debug|Any CPU
		{BAE006EB-6A21-4B17-88B3-F3EC04CDD6A2}.Release|Any CPU.ActiveCfg = Release|Any CPU
		{BAE006EB-6A21-4B17-88B3-F3EC04CDD6A2}.Release|Any CPU.Build.0 = Release|Any CPU
		{BAE006EB-6A21-4B17-88B3-F3EC04CDD6A2}.Release|Any CPU.Deploy.0 = Release|Any CPU
	EndGlobalSection
	GlobalSection(SolutionProperties) = preSolution
		HideSolutionNode = FALSE
	EndGlobalSection
	GlobalSection(ExtensibilityGlobals) = postSolution
		SolutionGuid = {F3C61BFF-69CE-4A3A-B1AE-A55A9717C0B3}
	EndGlobalSection
EndGlobal
